// !$*UTF8*$!
{
	archiveVersion = 1;
	classes = {
	};
	objectVersion = 77;
	objects = {

/* Begin PBXBuildFile section */
		0490DD582F5660E800529C2B /* AppDelegate.swift in Sources */ = {isa = PBXBuildFile; fileRef = 0490DD512F5660E800529C2B /* AppDelegate.swift */; };
		0490DD5B2F5660E800529C2B /* Assets.xcassets in Resources */ = {isa = PBXBuildFile; fileRef = 0490DD532F5660E800529C2B /* Assets.xcassets */; };
		0490DD602F56645800529C2B /* ApplicationCoordinator.swift in Sources */ = {isa = PBXBuildFile; fileRef = 0490DD5F2F56645800529C2B /* ApplicationCoordinator.swift */; };
		0490DD632F56647D00529C2B /* BaseCoordinator.swift in Sources */ = {isa = PBXBuildFile; fileRef = 0490DD622F56647D00529C2B /* BaseCoordinator.swift */; };
		0490DD672F567A7000529C2B /* LoginView.swift in Sources */ = {isa = PBXBuildFile; fileRef = 0490DD662F567A7000529C2B /* LoginView.swift */; };
		0490DD942F57C09E00529C2B /* EmailField.swift in Sources */ = {isa = PBXBuildFile; fileRef = 0490DD932F57C09E00529C2B /* EmailField.swift */; };
		0490DD9B2F57C1B900529C2B /* DefaultTextField Style.swift in Sources */ = {isa = PBXBuildFile; fileRef = 0490DD9A2F57C1B500529C2B /* DefaultTextField Style.swift */; };
		0490DD9D2F57C60100529C2B /* PasswordField.swift in Sources */ = {isa = PBXBuildFile; fileRef = 0490DD9C2F57C5F400529C2B /* PasswordField.swift */; };
		0490DD9F2F57CD5F00529C2B /* LoginViewModel.swift in Sources */ = {isa = PBXBuildFile; fileRef = 0490DD9E2F57CD5A00529C2B /* LoginViewModel.swift */; };
		0490DDA22F5B679A00529C2B /* BaseViewModel.swift in Sources */ = {isa = PBXBuildFile; fileRef = 0490DDA12F5B679A00529C2B /* BaseViewModel.swift */; };
		0490DDA42F5B682C00529C2B /* HostingController.swift in Sources */ = {isa = PBXBuildFile; fileRef = 0490DDA32F5B682C00529C2B /* HostingController.swift */; };
		0490DDA62F5CE08300529C2B /* AuthCoordinator.swift in Sources */ = {isa = PBXBuildFile; fileRef = 0490DDA52F5CE08300529C2B /* AuthCoordinator.swift */; };
		0490DDAC2F5CE96100529C2B /* RegisterView.swift in Sources */ = {isa = PBXBuildFile; fileRef = 0490DDAB2F5CE96100529C2B /* RegisterView.swift */; };
		0490DDAE2F5CE99D00529C2B /* RegisterViewModel.swift in Sources */ = {isa = PBXBuildFile; fileRef = 0490DDAD2F5CE99D00529C2B /* RegisterViewModel.swift */; };
		0490DDB22F5E31E000529C2B /* MainCoordinator.swift in Sources */ = {isa = PBXBuildFile; fileRef = 0490DDB12F5E31E000529C2B /* MainCoordinator.swift */; };
		0490DDB52F60D4B000529C2B /* HomeViewModel.swift in Sources */ = {isa = PBXBuildFile; fileRef = 0490DDB42F60D4B000529C2B /* HomeViewModel.swift */; };
		0490DDB72F60D4BA00529C2B /* HomeView.swift in Sources */ = {isa = PBXBuildFile; fileRef = 0490DDB62F60D4BA00529C2B /* HomeView.swift */; };
		0490DDBC2F60DF1100529C2B /* HomeCoordinator.swift in Sources */ = {isa = PBXBuildFile; fileRef = 0490DDBB2F60DF1100529C2B /* HomeCoordinator.swift */; };
		0490DDBE2F60E65100529C2B /* LocationsCoordinator.swift in Sources */ = {isa = PBXBuildFile; fileRef = 0490DDBD2F60E65100529C2B /* LocationsCoordinator.swift */; };
		0490DDC12F60E70100529C2B /* LocationsView.swift in Sources */ = {isa = PBXBuildFile; fileRef = 0490DDC02F60E70100529C2B /* LocationsView.swift */; };
		0490DDC32F60E70A00529C2B /* LocationsViewModel.swift in Sources */ = {isa = PBXBuildFile; fileRef = 0490DDC22F60E70A00529C2B /* LocationsViewModel.swift */; };
		0490DDC52F60E75800529C2B /* MoreCoordinator.swift in Sources */ = {isa = PBXBuildFile; fileRef = 0490DDC42F60E75800529C2B /* MoreCoordinator.swift */; };
		0490DDC82F60E7AB00529C2B /* MoreViewModel.swift in Sources */ = {isa = PBXBuildFile; fileRef = 0490DDC72F60E7AB00529C2B /* MoreViewModel.swift */; };
		0490DDCA2F60E7B600529C2B /* MoreView.swift in Sources */ = {isa = PBXBuildFile; fileRef = 0490DDC92F60E7B600529C2B /* MoreView.swift */; };
		0490DDF72F60F77400529C2B /* AccountView.swift in Sources */ = {isa = PBXBuildFile; fileRef = 0490DDF62F60F77400529C2B /* AccountView.swift */; };
		0490DDF92F72501000529C2B /* ListRow.swift in Sources */ = {isa = PBXBuildFile; fileRef = 0490DDF82F72501000529C2B /* ListRow.swift */; };
		0490DDFB2F7258CD00529C2B /* AccountViewModel.swift in Sources */ = {isa = PBXBuildFile; fileRef = 0490DDFA2F7258CD00529C2B /* AccountViewModel.swift */; };
		0490DDFD2F7260AB00529C2B /* AccountHostingController.swift in Sources */ = {isa = PBXBuildFile; fileRef = 0490DDFC2F7260AB00529C2B /* AccountHostingController.swift */; };
		0490DE002F7262CA00529C2B /* UIViewControllerExtensions.swift in Sources */ = {isa = PBXBuildFile; fileRef = 0490DDFF2F7262CA00529C2B /* UIViewControllerExtensions.swift */; };
		0490DE032F73A47E00529C2B /* EditAccountView.swift in Sources */ = {isa = PBXBuildFile; fileRef = 0490DE022F73A47E00529C2B /* EditAccountView.swift */; };
		0490DE052F73A49900529C2B /* EditAccountViewModel.swift in Sources */ = {isa = PBXBuildFile; fileRef = 0490DE042F73A49900529C2B /* EditAccountViewModel.swift */; };
		0490DE072F73ADD400529C2B /* EditAccountHostingController.swift in Sources */ = {isa = PBXBuildFile; fileRef = 0490DE062F73ADD400529C2B /* EditAccountHostingController.swift */; };
		0490DE0A2F73B06C00529C2B /* ConfirmEmailViewModel.swift in Sources */ = {isa = PBXBuildFile; fileRef = 0490DE092F73B06C00529C2B /* ConfirmEmailViewModel.swift */; };
		0490DE0C2F73B07400529C2B /* ConfirmEmailView.swift in Sources */ = {isa = PBXBuildFile; fileRef = 0490DE0B2F73B07400529C2B /* ConfirmEmailView.swift */; };
		0490DE0E2F73B5A400529C2B /* ConfirmEmailHostingController.swift in Sources */ = {isa = PBXBuildFile; fileRef = 0490DE0D2F73B5A400529C2B /* ConfirmEmailHostingController.swift */; };
		0490DE102F74DD9000529C2B /* AccountCoordinator.swift in Sources */ = {isa = PBXBuildFile; fileRef = 0490DE0F2F74DD9000529C2B /* AccountCoordinator.swift */; };
		0490DE132F74EA8500529C2B /* ConfirmEmailCoordinating.swift in Sources */ = {isa = PBXBuildFile; fileRef = 0490DE122F74EA8500529C2B /* ConfirmEmailCoordinating.swift */; };
		0490DE162F75FF6C00529C2B /* NotificationsNameExtensions.swift in Sources */ = {isa = PBXBuildFile; fileRef = 0490DE152F75FF6C00529C2B /* NotificationsNameExtensions.swift */; };
/* End PBXBuildFile section */

/* Begin PBXFileReference section */
		0490DD2A2F56521500529C2B /* SwiftUI-Navigation-Coordinator.app */ = {isa = PBXFileReference; explicitFileType = wrapper.application; includeInIndex = 0; path = "SwiftUI-Navigation-Coordinator.app"; sourceTree = BUILT_PRODUCTS_DIR; };
		0490DD512F5660E800529C2B /* AppDelegate.swift */ = {isa = PBXFileReference; lastKnownFileType = sourcecode.swift; path = AppDelegate.swift; sourceTree = "<group>"; };
		0490DD532F5660E800529C2B /* Assets.xcassets */ = {isa = PBXFileReference; lastKnownFileType = folder.assetcatalog; path = Assets.xcassets; sourceTree = "<group>"; };
		0490DD552F5660E800529C2B /* SwiftUI_Navigation_Coordinator.entitlements */ = {isa = PBXFileReference; lastKnownFileType = text.plist.entitlements; path = SwiftUI_Navigation_Coordinator.entitlements; sourceTree = "<group>"; };
		0490DD5F2F56645800529C2B /* ApplicationCoordinator.swift */ = {isa = PBXFileReference; lastKnownFileType = sourcecode.swift; path = ApplicationCoordinator.swift; sourceTree = "<group>"; };
		0490DD622F56647D00529C2B /* BaseCoordinator.swift */ = {isa = PBXFileReference; lastKnownFileType = sourcecode.swift; path = BaseCoordinator.swift; sourceTree = "<group>"; };
		0490DD662F567A7000529C2B /* LoginView.swift */ = {isa = PBXFileReference; lastKnownFileType = sourcecode.swift; path = LoginView.swift; sourceTree = "<group>"; };
		0490DD932F57C09E00529C2B /* EmailField.swift */ = {isa = PBXFileReference; lastKnownFileType = sourcecode.swift; path = EmailField.swift; sourceTree = "<group>"; };
		0490DD9A2F57C1B500529C2B /* DefaultTextField Style.swift */ = {isa = PBXFileReference; lastKnownFileType = sourcecode.swift; path = "DefaultTextField Style.swift"; sourceTree = "<group>"; };
		0490DD9C2F57C5F400529C2B /* PasswordField.swift */ = {isa = PBXFileReference; lastKnownFileType = sourcecode.swift; path = PasswordField.swift; sourceTree = "<group>"; };
		0490DD9E2F57CD5A00529C2B /* LoginViewModel.swift */ = {isa = PBXFileReference; lastKnownFileType = sourcecode.swift; path = LoginViewModel.swift; sourceTree = "<group>"; };
		0490DDA12F5B679A00529C2B /* BaseViewModel.swift */ = {isa = PBXFileReference; lastKnownFileType = sourcecode.swift; path = BaseViewModel.swift; sourceTree = "<group>"; };
		0490DDA32F5B682C00529C2B /* HostingController.swift */ = {isa = PBXFileReference; lastKnownFileType = sourcecode.swift; path = HostingController.swift; sourceTree = "<group>"; };
		0490DDA52F5CE08300529C2B /* AuthCoordinator.swift */ = {isa = PBXFileReference; lastKnownFileType = sourcecode.swift; path = AuthCoordinator.swift; sourceTree = "<group>"; };
		0490DDAB2F5CE96100529C2B /* RegisterView.swift */ = {isa = PBXFileReference; lastKnownFileType = sourcecode.swift; path = RegisterView.swift; sourceTree = "<group>"; };
		0490DDAD2F5CE99D00529C2B /* RegisterViewModel.swift */ = {isa = PBXFileReference; lastKnownFileType = sourcecode.swift; path = RegisterViewModel.swift; sourceTree = "<group>"; };
		0490DDB12F5E31E000529C2B /* MainCoordinator.swift */ = {isa = PBXFileReference; lastKnownFileType = sourcecode.swift; path = MainCoordinator.swift; sourceTree = "<group>"; };
		0490DDB42F60D4B000529C2B /* HomeViewModel.swift */ = {isa = PBXFileReference; lastKnownFileType = sourcecode.swift; path = HomeViewModel.swift; sourceTree = "<group>"; };
		0490DDB62F60D4BA00529C2B /* HomeView.swift */ = {isa = PBXFileReference; lastKnownFileType = sourcecode.swift; path = HomeView.swift; sourceTree = "<group>"; };
		0490DDBB2F60DF1100529C2B /* HomeCoordinator.swift */ = {isa = PBXFileReference; lastKnownFileType = sourcecode.swift; path = HomeCoordinator.swift; sourceTree = "<group>"; };
		0490DDBD2F60E65100529C2B /* LocationsCoordinator.swift */ = {isa = PBXFileReference; lastKnownFileType = sourcecode.swift; path = LocationsCoordinator.swift; sourceTree = "<group>"; };
		0490DDC02F60E70100529C2B /* LocationsView.swift */ = {isa = PBXFileReference; lastKnownFileType = sourcecode.swift; path = LocationsView.swift; sourceTree = "<group>"; };
		0490DDC22F60E70A00529C2B /* LocationsViewModel.swift */ = {isa = PBXFileReference; lastKnownFileType = sourcecode.swift; path = LocationsViewModel.swift; sourceTree = "<group>"; };
		0490DDC42F60E75800529C2B /* MoreCoordinator.swift */ = {isa = PBXFileReference; lastKnownFileType = sourcecode.swift; path = MoreCoordinator.swift; sourceTree = "<group>"; };
		0490DDC72F60E7AB00529C2B /* MoreViewModel.swift */ = {isa = PBXFileReference; lastKnownFileType = sourcecode.swift; path = MoreViewModel.swift; sourceTree = "<group>"; };
		0490DDC92F60E7B600529C2B /* MoreView.swift */ = {isa = PBXFileReference; lastKnownFileType = sourcecode.swift; path = MoreView.swift; sourceTree = "<group>"; };
		0490DDF62F60F77400529C2B /* AccountView.swift */ = {isa = PBXFileReference; lastKnownFileType = sourcecode.swift; path = AccountView.swift; sourceTree = "<group>"; };
		0490DDF82F72501000529C2B /* ListRow.swift */ = {isa = PBXFileReference; lastKnownFileType = sourcecode.swift; path = ListRow.swift; sourceTree = "<group>"; };
		0490DDFA2F7258CD00529C2B /* AccountViewModel.swift */ = {isa = PBXFileReference; lastKnownFileType = sourcecode.swift; path = AccountViewModel.swift; sourceTree = "<group>"; };
		0490DDFC2F7260AB00529C2B /* AccountHostingController.swift */ = {isa = PBXFileReference; lastKnownFileType = sourcecode.swift; path = AccountHostingController.swift; sourceTree = "<group>"; };
		0490DDFF2F7262CA00529C2B /* UIViewControllerExtensions.swift */ = {isa = PBXFileReference; lastKnownFileType = sourcecode.swift; path = UIViewControllerExtensions.swift; sourceTree = "<group>"; };
		0490DE022F73A47E00529C2B /* EditAccountView.swift */ = {isa = PBXFileReference; lastKnownFileType = sourcecode.swift; path = EditAccountView.swift; sourceTree = "<group>"; };
		0490DE042F73A49900529C2B /* EditAccountViewModel.swift */ = {isa = PBXFileReference; lastKnownFileType = sourcecode.swift; path = EditAccountViewModel.swift; sourceTree = "<group>"; };
		0490DE062F73ADD400529C2B /* EditAccountHostingController.swift */ = {isa = PBXFileReference; lastKnownFileType = sourcecode.swift; path = EditAccountHostingController.swift; sourceTree = "<group>"; };
		0490DE092F73B06C00529C2B /* ConfirmEmailViewModel.swift */ = {isa = PBXFileReference; lastKnownFileType = sourcecode.swift; path = ConfirmEmailViewModel.swift; sourceTree = "<group>"; };
		0490DE0B2F73B07400529C2B /* ConfirmEmailView.swift */ = {isa = PBXFileReference; lastKnownFileType = sourcecode.swift; path = ConfirmEmailView.swift; sourceTree = "<group>"; };
		0490DE0D2F73B5A400529C2B /* ConfirmEmailHostingController.swift */ = {isa = PBXFileReference; lastKnownFileType = sourcecode.swift; path = ConfirmEmailHostingController.swift; sourceTree = "<group>"; };
		0490DE0F2F74DD9000529C2B /* AccountCoordinator.swift */ = {isa = PBXFileReference; lastKnownFileType = sourcecode.swift; path = AccountCoordinator.swift; sourceTree = "<group>"; };
		0490DE122F74EA8500529C2B /* ConfirmEmailCoordinating.swift */ = {isa = PBXFileReference; lastKnownFileType = sourcecode.swift; path = ConfirmEmailCoordinating.swift; sourceTree = "<group>"; };
		0490DE152F75FF6C00529C2B /* NotificationsNameExtensions.swift */ = {isa = PBXFileReference; lastKnownFileType = sourcecode.swift; path = NotificationsNameExtensions.swift; sourceTree = "<group>"; };
/* End PBXFileReference section */

/* Begin PBXFrameworksBuildPhase section */
		0490DD272F56521400529C2B /* Frameworks */ = {
			isa = PBXFrameworksBuildPhase;
			buildActionMask = 2147483647;
			files = (
			);
			runOnlyForDeploymentPostprocessing = 0;
		};
/* End PBXFrameworksBuildPhase section */

/* Begin PBXGroup section */
		0490DD212F56521400529C2B = {
			isa = PBXGroup;
			children = (
				0490DD572F5660E800529C2B /* SwiftUI-Navigation-Coordinator */,
				0490DD2B2F56521500529C2B /* Products */,
			);
			sourceTree = "<group>";
		};
		0490DD2B2F56521500529C2B /* Products */ = {
			isa = PBXGroup;
			children = (
				0490DD2A2F56521500529C2B /* SwiftUI-Navigation-Coordinator.app */,
			);
			name = Products;
			sourceTree = "<group>";
		};
		0490DD522F5660E800529C2B /* App */ = {
			isa = PBXGroup;
			children = (
				0490DD512F5660E800529C2B /* AppDelegate.swift */,
				0490DD532F5660E800529C2B /* Assets.xcassets */,
			);
			path = App;
			sourceTree = "<group>";
		};
		0490DD572F5660E800529C2B /* SwiftUI-Navigation-Coordinator */ = {
			isa = PBXGroup;
			children = (
				0490DDFE2F7262AE00529C2B /* Extensions */,
				0490DD522F5660E800529C2B /* App */,
				0490DD5C2F56642200529C2B /* Coordinator (Navigation) */,
				0490DDA02F5B671300529C2B /* Core */,
				0490DD642F567A4100529C2B /* Screens */,
				0490DD922F57C08100529C2B /* Shared Views */,
				0490DD552F5660E800529C2B /* SwiftUI_Navigation_Coordinator.entitlements */,
			);
			path = "SwiftUI-Navigation-Coordinator";
			sourceTree = "<group>";
		};
		0490DD5C2F56642200529C2B /* Coordinator (Navigation) */ = {
			isa = PBXGroup;
			children = (
				0490DE112F74EA6400529C2B /* Supporting */,
				0490DD5F2F56645800529C2B /* ApplicationCoordinator.swift */,
				0490DDA72F5CE09C00529C2B /* Flows */,
				0490DD612F56645C00529C2B /* Structure */,
				0490DDBA2F60DEED00529C2B /* Tabs Flows */,
			);
			path = "Coordinator (Navigation)";
			sourceTree = "<group>";
		};
		0490DD612F56645C00529C2B /* Structure */ = {
			isa = PBXGroup;
			children = (
				0490DD622F56647D00529C2B /* BaseCoordinator.swift */,
			);
			path = Structure;
			sourceTree = "<group>";
		};
		0490DD642F567A4100529C2B /* Screens */ = {
			isa = PBXGroup;
			children = (
				0490DE082F73B05800529C2B /* Confirm Email */,
				0490DDF42F60F75600529C2B /* AccountScreens */,
				0490DDC62F60E79F00529C2B /* More */,
				0490DDBF2F60E6F300529C2B /* Locations */,
				0490DDB32F60D49C00529C2B /* Home */,
				0490DDA82F5CE93000529C2B /* Register */,
				0490DD652F567A4B00529C2B /* Login */,
			);
			path = Screens;
			sourceTree = "<group>";
		};
		0490DD652F567A4B00529C2B /* Login */ = {
			isa = PBXGroup;
			children = (
				0490DD9E2F57CD5A00529C2B /* LoginViewModel.swift */,
				0490DD662F567A7000529C2B /* LoginView.swift */,
			);
			path = Login;
			sourceTree = "<group>";
		};
		0490DD922F57C08100529C2B /* Shared Views */ = {
			isa = PBXGroup;
			children = (
				0490DD9C2F57C5F400529C2B /* PasswordField.swift */,
				0490DD932F57C09E00529C2B /* EmailField.swift */,
				0490DD952F57C0B000529C2B /* TextField Styles */,
				0490DDF82F72501000529C2B /* ListRow.swift */,
			);
			path = "Shared Views";
			sourceTree = "<group>";
		};
		0490DD952F57C0B000529C2B /* TextField Styles */ = {
			isa = PBXGroup;
			children = (
				0490DD9A2F57C1B500529C2B /* DefaultTextField Style.swift */,
			);
			path = "TextField Styles";
			sourceTree = "<group>";
		};
		0490DDA02F5B671300529C2B /* Core */ = {
			isa = PBXGroup;
			children = (
				0490DDA12F5B679A00529C2B /* BaseViewModel.swift */,
				0490DDA32F5B682C00529C2B /* HostingController.swift */,
			);
			path = Core;
			sourceTree = "<group>";
		};
		0490DDA72F5CE09C00529C2B /* Flows */ = {
			isa = PBXGroup;
			children = (
				0490DE0F2F74DD9000529C2B /* AccountCoordinator.swift */,
				0490DDA52F5CE08300529C2B /* AuthCoordinator.swift */,
				0490DDB12F5E31E000529C2B /* MainCoordinator.swift */,
			);
			path = Flows;
			sourceTree = "<group>";
		};
		0490DDA82F5CE93000529C2B /* Register */ = {
			isa = PBXGroup;
			children = (
				0490DDAB2F5CE96100529C2B /* RegisterView.swift */,
				0490DDAD2F5CE99D00529C2B /* RegisterViewModel.swift */,
			);
			path = Register;
			sourceTree = "<group>";
		};
		0490DDB32F60D49C00529C2B /* Home */ = {
			isa = PBXGroup;
			children = (
				0490DDB42F60D4B000529C2B /* HomeViewModel.swift */,
				0490DDB62F60D4BA00529C2B /* HomeView.swift */,
			);
			path = Home;
			sourceTree = "<group>";
		};
		0490DDBA2F60DEED00529C2B /* Tabs Flows */ = {
			isa = PBXGroup;
			children = (
				0490DDBB2F60DF1100529C2B /* HomeCoordinator.swift */,
				0490DDBD2F60E65100529C2B /* LocationsCoordinator.swift */,
				0490DDC42F60E75800529C2B /* MoreCoordinator.swift */,
			);
			path = "Tabs Flows";
			sourceTree = "<group>";
		};
		0490DDBF2F60E6F300529C2B /* Locations */ = {
			isa = PBXGroup;
			children = (
				0490DDC02F60E70100529C2B /* LocationsView.swift */,
				0490DDC22F60E70A00529C2B /* LocationsViewModel.swift */,
			);
			path = Locations;
			sourceTree = "<group>";
		};
		0490DDC62F60E79F00529C2B /* More */ = {
			isa = PBXGroup;
			children = (
				0490DDC92F60E7B600529C2B /* MoreView.swift */,
				0490DDC72F60E7AB00529C2B /* MoreViewModel.swift */,
			);
			path = More;
			sourceTree = "<group>";
		};
		0490DDF42F60F75600529C2B /* AccountScreens */ = {
			isa = PBXGroup;
			children = (
				0490DE012F73A3FB00529C2B /* EditAccount */,
				0490DDF52F60F76400529C2B /* Account */,
			);
			path = AccountScreens;
			sourceTree = "<group>";
		};
		0490DDF52F60F76400529C2B /* Account */ = {
			isa = PBXGroup;
			children = (
				0490DDF62F60F77400529C2B /* AccountView.swift */,
				0490DDFA2F7258CD00529C2B /* AccountViewModel.swift */,
				0490DDFC2F7260AB00529C2B /* AccountHostingController.swift */,
			);
			path = Account;
			sourceTree = "<group>";
		};
		0490DDFE2F7262AE00529C2B /* Extensions */ = {
			isa = PBXGroup;
			children = (
				0490DDFF2F7262CA00529C2B /* UIViewControllerExtensions.swift */,
				0490DE152F75FF6C00529C2B /* NotificationsNameExtensions.swift */,
			);
			path = Extensions;
			sourceTree = "<group>";
		};
		0490DE012F73A3FB00529C2B /* EditAccount */ = {
			isa = PBXGroup;
			children = (
				0490DE022F73A47E00529C2B /* EditAccountView.swift */,
				0490DE042F73A49900529C2B /* EditAccountViewModel.swift */,
				0490DE062F73ADD400529C2B /* EditAccountHostingController.swift */,
			);
			path = EditAccount;
			sourceTree = "<group>";
		};
		0490DE082F73B05800529C2B /* Confirm Email */ = {
			isa = PBXGroup;
			children = (
				0490DE092F73B06C00529C2B /* ConfirmEmailViewModel.swift */,
				0490DE0B2F73B07400529C2B /* ConfirmEmailView.swift */,
				0490DE0D2F73B5A400529C2B /* ConfirmEmailHostingController.swift */,
			);
			path = "Confirm Email";
			sourceTree = "<group>";
		};
		0490DE112F74EA6400529C2B /* Supporting */ = {
			isa = PBXGroup;
			children = (
				0490DE122F74EA8500529C2B /* ConfirmEmailCoordinating.swift */,
			);
			path = Supporting;
			sourceTree = "<group>";
		};
/* End PBXGroup section */

/* Begin PBXNativeTarget section */
		0490DD292F56521400529C2B /* SwiftUI-Navigation-Coordinator */ = {
			isa = PBXNativeTarget;
			buildConfigurationList = 0490DD362F56521600529C2B /* Build configuration list for PBXNativeTarget "SwiftUI-Navigation-Coordinator" */;
			buildPhases = (
				0490DD262F56521400529C2B /* Sources */,
				0490DD272F56521400529C2B /* Frameworks */,
				0490DD282F56521400529C2B /* Resources */,
			);
			buildRules = (
			);
			dependencies = (
			);
			name = "SwiftUI-Navigation-Coordinator";
			packageProductDependencies = (
			);
			productName = "SwiftUI-Navigation-Coordinator";
			productReference = 0490DD2A2F56521500529C2B /* SwiftUI-Navigation-Coordinator.app */;
			productType = "com.apple.product-type.application";
		};
/* End PBXNativeTarget section */

/* Begin PBXProject section */
		0490DD222F56521400529C2B /* Project object */ = {
			isa = PBXProject;
			attributes = {
				BuildIndependentTargetsInParallel = 1;
				LastSwiftUpdateCheck = 1640;
				LastUpgradeCheck = 1640;
				TargetAttributes = {
					0490DD292F56521400529C2B = {
						CreatedOnToolsVersion = 16.4;
					};
				};
			};
			buildConfigurationList = 0490DD252F56521400529C2B /* Build configuration list for PBXProject "SwiftUI-Navigation-Coordinator" */;
			developmentRegion = en;
			hasScannedForEncodings = 0;
			knownRegions = (
				en,
				Base,
			);
			mainGroup = 0490DD212F56521400529C2B;
			minimizedProjectReferenceProxies = 1;
			preferredProjectObjectVersion = 77;
			productRefGroup = 0490DD2B2F56521500529C2B /* Products */;
			projectDirPath = "";
			projectRoot = "";
			targets = (
				0490DD292F56521400529C2B /* SwiftUI-Navigation-Coordinator */,
			);
		};
/* End PBXProject section */

/* Begin PBXResourcesBuildPhase section */
		0490DD282F56521400529C2B /* Resources */ = {
			isa = PBXResourcesBuildPhase;
			buildActionMask = 2147483647;
			files = (
				0490DD5B2F5660E800529C2B /* Assets.xcassets in Resources */,
			);
			runOnlyForDeploymentPostprocessing = 0;
		};
/* End PBXResourcesBuildPhase section */

/* Begin PBXSourcesBuildPhase section */
		0490DD262F56521400529C2B /* Sources */ = {
			isa = PBXSourcesBuildPhase;
			buildActionMask = 2147483647;
			files = (
				0490DDA42F5B682C00529C2B /* HostingController.swift in Sources */,
				0490DE0C2F73B07400529C2B /* ConfirmEmailView.swift in Sources */,
				0490DD672F567A7000529C2B /* LoginView.swift in Sources */,
				0490DDB52F60D4B000529C2B /* HomeViewModel.swift in Sources */,
				0490DDBC2F60DF1100529C2B /* HomeCoordinator.swift in Sources */,
				0490DD632F56647D00529C2B /* BaseCoordinator.swift in Sources */,
				0490DD9B2F57C1B900529C2B /* DefaultTextField Style.swift in Sources */,
				0490DDB72F60D4BA00529C2B /* HomeView.swift in Sources */,
				0490DD582F5660E800529C2B /* AppDelegate.swift in Sources */,
				0490DDCA2F60E7B600529C2B /* MoreView.swift in Sources */,
				0490DD9F2F57CD5F00529C2B /* LoginViewModel.swift in Sources */,
				0490DDA62F5CE08300529C2B /* AuthCoordinator.swift in Sources */,
				0490DDFD2F7260AB00529C2B /* AccountHostingController.swift in Sources */,
				0490DDA22F5B679A00529C2B /* BaseViewModel.swift in Sources */,
				0490DDF72F60F77400529C2B /* AccountView.swift in Sources */,
				0490DDC12F60E70100529C2B /* LocationsView.swift in Sources */,
				0490DDF92F72501000529C2B /* ListRow.swift in Sources */,
				0490DE032F73A47E00529C2B /* EditAccountView.swift in Sources */,
				0490DDAE2F5CE99D00529C2B /* RegisterViewModel.swift in Sources */,
				0490DDC82F60E7AB00529C2B /* MoreViewModel.swift in Sources */,
				0490DE0E2F73B5A400529C2B /* ConfirmEmailHostingController.swift in Sources */,
				0490DDC52F60E75800529C2B /* MoreCoordinator.swift in Sources */,
				0490DE052F73A49900529C2B /* EditAccountViewModel.swift in Sources */,
				0490DD9D2F57C60100529C2B /* PasswordField.swift in Sources */,
				0490DDAC2F5CE96100529C2B /* RegisterView.swift in Sources */,
				0490DD602F56645800529C2B /* ApplicationCoordinator.swift in Sources */,
				0490DE0A2F73B06C00529C2B /* ConfirmEmailViewModel.swift in Sources */,
				0490DDBE2F60E65100529C2B /* LocationsCoordinator.swift in Sources */,
				0490DE132F74EA8500529C2B /* ConfirmEmailCoordinating.swift in Sources */,
				0490DDB22F5E31E000529C2B /* MainCoordinator.swift in Sources */,
				0490DE102F74DD9000529C2B /* AccountCoordinator.swift in Sources */,
				0490DE072F73ADD400529C2B /* EditAccountHostingController.swift in Sources */,
				0490DD942F57C09E00529C2B /* EmailField.swift in Sources */,
				0490DE162F75FF6C00529C2B /* NotificationsNameExtensions.swift in Sources */,
				0490DDFB2F7258CD00529C2B /* AccountViewModel.swift in Sources */,
				0490DDC32F60E70A00529C2B /* LocationsViewModel.swift in Sources */,
				0490DE002F7262CA00529C2B /* UIViewControllerExtensions.swift in Sources */,
			);
			runOnlyForDeploymentPostprocessing = 0;
		};
/* End PBXSourcesBuildPhase section */

/* Begin XCBuildConfiguration section */
		0490DD342F56521600529C2B /* Debug */ = {
			isa = XCBuildConfiguration;
			buildSettings = {
				ALWAYS_SEARCH_USER_PATHS = NO;
				ASSETCATALOG_COMPILER_GENERATE_SWIFT_ASSET_SYMBOL_EXTENSIONS = YES;
				CLANG_ANALYZER_NONNULL = YES;
				CLANG_ANALYZER_NUMBER_OBJECT_CONVERSION = YES_AGGRESSIVE;
				CLANG_CXX_LANGUAGE_STANDARD = "gnu++20";
				CLANG_ENABLE_MODULES = YES;
				CLANG_ENABLE_OBJC_ARC = YES;
				CLANG_ENABLE_OBJC_WEAK = YES;
				CLANG_WARN_BLOCK_CAPTURE_AUTORELEASING = YES;
				CLANG_WARN_BOOL_CONVERSION = YES;
				CLANG_WARN_COMMA = YES;
				CLANG_WARN_CONSTANT_CONVERSION = YES;
				CLANG_WARN_DEPRECATED_OBJC_IMPLEMENTATIONS = YES;
				CLANG_WARN_DIRECT_OBJC_ISA_USAGE = YES_ERROR;
				CLANG_WARN_DOCUMENTATION_COMMENTS = YES;
				CLANG_WARN_EMPTY_BODY = YES;
				CLANG_WARN_ENUM_CONVERSION = YES;
				CLANG_WARN_INFINITE_RECURSION = YES;
				CLANG_WARN_INT_CONVERSION = YES;
				CLANG_WARN_NON_LITERAL_NULL_CONVERSION = YES;
				CLANG_WARN_OBJC_IMPLICIT_RETAIN_SELF = YES;
				CLANG_WARN_OBJC_LITERAL_CONVERSION = YES;
				CLANG_WARN_OBJC_ROOT_CLASS = YES_ERROR;
				CLANG_WARN_QUOTED_INCLUDE_IN_FRAMEWORK_HEADER = YES;
				CLANG_WARN_RANGE_LOOP_ANALYSIS = YES;
				CLANG_WARN_STRICT_PROTOTYPES = YES;
				CLANG_WARN_SUSPICIOUS_MOVE = YES;
				CLANG_WARN_UNGUARDED_AVAILABILITY = YES_AGGRESSIVE;
				CLANG_WARN_UNREACHABLE_CODE = YES;
				CLANG_WARN__DUPLICATE_METHOD_MATCH = YES;
				COPY_PHASE_STRIP = NO;
				DEBUG_INFORMATION_FORMAT = dwarf;
				ENABLE_STRICT_OBJC_MSGSEND = YES;
				ENABLE_TESTABILITY = YES;
				ENABLE_USER_SCRIPT_SANDBOXING = YES;
				GCC_C_LANGUAGE_STANDARD = gnu17;
				GCC_DYNAMIC_NO_PIC = NO;
				GCC_NO_COMMON_BLOCKS = YES;
				GCC_OPTIMIZATION_LEVEL = 0;
				GCC_PREPROCESSOR_DEFINITIONS = (
					"DEBUG=1",
					"$(inherited)",
				);
				GCC_WARN_64_TO_32_BIT_CONVERSION = YES;
				GCC_WARN_ABOUT_RETURN_TYPE = YES_ERROR;
				GCC_WARN_UNDECLARED_SELECTOR = YES;
				GCC_WARN_UNINITIALIZED_AUTOS = YES_AGGRESSIVE;
				GCC_WARN_UNUSED_FUNCTION = YES;
				GCC_WARN_UNUSED_VARIABLE = YES;
				LOCALIZATION_PREFERS_STRING_CATALOGS = YES;
				MTL_ENABLE_DEBUG_INFO = INCLUDE_SOURCE;
				MTL_FAST_MATH = YES;
				ONLY_ACTIVE_ARCH = YES;
				SWIFT_ACTIVE_COMPILATION_CONDITIONS = "DEBUG $(inherited)";
				SWIFT_OPTIMIZATION_LEVEL = "-Onone";
			};
			name = Debug;
		};
		0490DD352F56521600529C2B /* Release */ = {
			isa = XCBuildConfiguration;
			buildSettings = {
				ALWAYS_SEARCH_USER_PATHS = NO;
				ASSETCATALOG_COMPILER_GENERATE_SWIFT_ASSET_SYMBOL_EXTENSIONS = YES;
				CLANG_ANALYZER_NONNULL = YES;
				CLANG_ANALYZER_NUMBER_OBJECT_CONVERSION = YES_AGGRESSIVE;
				CLANG_CXX_LANGUAGE_STANDARD = "gnu++20";
				CLANG_ENABLE_MODULES = YES;
				CLANG_ENABLE_OBJC_ARC = YES;
				CLANG_ENABLE_OBJC_WEAK = YES;
				CLANG_WARN_BLOCK_CAPTURE_AUTORELEASING = YES;
				CLANG_WARN_BOOL_CONVERSION = YES;
				CLANG_WARN_COMMA = YES;
				CLANG_WARN_CONSTANT_CONVERSION = YES;
				CLANG_WARN_DEPRECATED_OBJC_IMPLEMENTATIONS = YES;
				CLANG_WARN_DIRECT_OBJC_ISA_USAGE = YES_ERROR;
				CLANG_WARN_DOCUMENTATION_COMMENTS = YES;
				CLANG_WARN_EMPTY_BODY = YES;
				CLANG_WARN_ENUM_CONVERSION = YES;
				CLANG_WARN_INFINITE_RECURSION = YES;
				CLANG_WARN_INT_CONVERSION = YES;
				CLANG_WARN_NON_LITERAL_NULL_CONVERSION = YES;
				CLANG_WARN_OBJC_IMPLICIT_RETAIN_SELF = YES;
				CLANG_WARN_OBJC_LITERAL_CONVERSION = YES;
				CLANG_WARN_OBJC_ROOT_CLASS = YES_ERROR;
				CLANG_WARN_QUOTED_INCLUDE_IN_FRAMEWORK_HEADER = YES;
				CLANG_WARN_RANGE_LOOP_ANALYSIS = YES;
				CLANG_WARN_STRICT_PROTOTYPES = YES;
				CLANG_WARN_SUSPICIOUS_MOVE = YES;
				CLANG_WARN_UNGUARDED_AVAILABILITY = YES_AGGRESSIVE;
				CLANG_WARN_UNREACHABLE_CODE = YES;
				CLANG_WARN__DUPLICATE_METHOD_MATCH = YES;
				COPY_PHASE_STRIP = NO;
				DEBUG_INFORMATION_FORMAT = "dwarf-with-dsym";
				ENABLE_NS_ASSERTIONS = NO;
				ENABLE_STRICT_OBJC_MSGSEND = YES;
				ENABLE_USER_SCRIPT_SANDBOXING = YES;
				GCC_C_LANGUAGE_STANDARD = gnu17;
				GCC_NO_COMMON_BLOCKS = YES;
				GCC_WARN_64_TO_32_BIT_CONVERSION = YES;
				GCC_WARN_ABOUT_RETURN_TYPE = YES_ERROR;
				GCC_WARN_UNDECLARED_SELECTOR = YES;
				GCC_WARN_UNINITIALIZED_AUTOS = YES_AGGRESSIVE;
				GCC_WARN_UNUSED_FUNCTION = YES;
				GCC_WARN_UNUSED_VARIABLE = YES;
				LOCALIZATION_PREFERS_STRING_CATALOGS = YES;
				MTL_ENABLE_DEBUG_INFO = NO;
				MTL_FAST_MATH = YES;
				SWIFT_COMPILATION_MODE = wholemodule;
			};
			name = Release;
		};
		0490DD372F56521600529C2B /* Debug */ = {
			isa = XCBuildConfiguration;
			buildSettings = {
				ASSETCATALOG_COMPILER_APPICON_NAME = AppIcon;
				ASSETCATALOG_COMPILER_GLOBAL_ACCENT_COLOR_NAME = AccentColor;
				CODE_SIGN_ENTITLEMENTS = "SwiftUI-Navigation-Coordinator/SwiftUI_Navigation_Coordinator.entitlements";
				CODE_SIGN_STYLE = Manual;
				CURRENT_PROJECT_VERSION = 1;
				DEVELOPMENT_TEAM = "";
				ENABLE_PREVIEWS = YES;
				GENERATE_INFOPLIST_FILE = YES;
				"INFOPLIST_KEY_UIApplicationSceneManifest_Generation[sdk=iphoneos*]" = NO;
				"INFOPLIST_KEY_UIApplicationSceneManifest_Generation[sdk=iphonesimulator*]" = NO;
				"INFOPLIST_KEY_UIApplicationSupportsIndirectInputEvents[sdk=iphoneos*]" = YES;
				"INFOPLIST_KEY_UIApplicationSupportsIndirectInputEvents[sdk=iphonesimulator*]" = YES;
				"INFOPLIST_KEY_UILaunchScreen_Generation[sdk=iphoneos*]" = YES;
				"INFOPLIST_KEY_UILaunchScreen_Generation[sdk=iphonesimulator*]" = YES;
				"INFOPLIST_KEY_UIStatusBarStyle[sdk=iphoneos*]" = UIStatusBarStyleDefault;
				"INFOPLIST_KEY_UIStatusBarStyle[sdk=iphonesimulator*]" = UIStatusBarStyleDefault;
				INFOPLIST_KEY_UISupportedInterfaceOrientations_iPad = "UIInterfaceOrientationPortrait UIInterfaceOrientationPortraitUpsideDown UIInterfaceOrientationLandscapeLeft UIInterfaceOrientationLandscapeRight";
				INFOPLIST_KEY_UISupportedInterfaceOrientations_iPhone = "UIInterfaceOrientationPortrait UIInterfaceOrientationLandscapeLeft UIInterfaceOrientationLandscapeRight";
				IPHONEOS_DEPLOYMENT_TARGET = 18.5;
				LD_RUNPATH_SEARCH_PATHS = "@executable_path/Frameworks";
				"LD_RUNPATH_SEARCH_PATHS[sdk=macosx*]" = "@executable_path/../Frameworks";
				MACOSX_DEPLOYMENT_TARGET = 15.3;
				MARKETING_VERSION = 1.0;
				PRODUCT_BUNDLE_IDENTIFIER = "TestSwiftUI.SwiftUI-Navigation-Coordinator";
				PRODUCT_NAME = "$(TARGET_NAME)";
				PROVISIONING_PROFILE_SPECIFIER = "";
				REGISTER_APP_GROUPS = YES;
				SDKROOT = auto;
				SUPPORTED_PLATFORMS = "iphoneos iphonesimulator macosx xros xrsimulator";
				SWIFT_EMIT_LOC_STRINGS = YES;
				SWIFT_VERSION = 5.0;
				TARGETED_DEVICE_FAMILY = "1,2,7";
				XROS_DEPLOYMENT_TARGET = 2.5;
			};
			name = Debug;
		};
		0490DD382F56521600529C2B /* Release */ = {
			isa = XCBuildConfiguration;
			buildSettings = {
				ASSETCATALOG_COMPILER_APPICON_NAME = AppIcon;
				ASSETCATALOG_COMPILER_GLOBAL_ACCENT_COLOR_NAME = AccentColor;
				CODE_SIGN_ENTITLEMENTS = "SwiftUI-Navigation-Coordinator/SwiftUI_Navigation_Coordinator.entitlements";
				CODE_SIGN_STYLE = Manual;
				CURRENT_PROJECT_VERSION = 1;
				DEVELOPMENT_TEAM = "";
				ENABLE_PREVIEWS = YES;
				GENERATE_INFOPLIST_FILE = YES;
				"INFOPLIST_KEY_UIApplicationSceneManifest_Generation[sdk=iphoneos*]" = NO;
				"INFOPLIST_KEY_UIApplicationSceneManifest_Generation[sdk=iphonesimulator*]" = NO;
				"INFOPLIST_KEY_UIApplicationSupportsIndirectInputEvents[sdk=iphoneos*]" = YES;
				"INFOPLIST_KEY_UIApplicationSupportsIndirectInputEvents[sdk=iphonesimulator*]" = YES;
				"INFOPLIST_KEY_UILaunchScreen_Generation[sdk=iphoneos*]" = YES;
				"INFOPLIST_KEY_UILaunchScreen_Generation[sdk=iphonesimulator*]" = YES;
				"INFOPLIST_KEY_UIStatusBarStyle[sdk=iphoneos*]" = UIStatusBarStyleDefault;
				"INFOPLIST_KEY_UIStatusBarStyle[sdk=iphonesimulator*]" = UIStatusBarStyleDefault;
				INFOPLIST_KEY_UISupportedInterfaceOrientations_iPad = "UIInterfaceOrientationPortrait UIInterfaceOrientationPortraitUpsideDown UIInterfaceOrientationLandscapeLeft UIInterfaceOrientationLandscapeRight";
				INFOPLIST_KEY_UISupportedInterfaceOrientations_iPhone = "UIInterfaceOrientationPortrait UIInterfaceOrientationLandscapeLeft UIInterfaceOrientationLandscapeRight";
				IPHONEOS_DEPLOYMENT_TARGET = 18.5;
				LD_RUNPATH_SEARCH_PATHS = "@executable_path/Frameworks";
				"LD_RUNPATH_SEARCH_PATHS[sdk=macosx*]" = "@executable_path/../Frameworks";
				MACOSX_DEPLOYMENT_TARGET = 15.3;
				MARKETING_VERSION = 1.0;
				PRODUCT_BUNDLE_IDENTIFIER = "TestSwiftUI.SwiftUI-Navigation-Coordinator";
				PRODUCT_NAME = "$(TARGET_NAME)";
				PROVISIONING_PROFILE_SPECIFIER = "";
				REGISTER_APP_GROUPS = YES;
				SDKROOT = auto;
				SUPPORTED_PLATFORMS = "iphoneos iphonesimulator macosx xros xrsimulator";
				SWIFT_EMIT_LOC_STRINGS = YES;
				SWIFT_VERSION = 5.0;
				TARGETED_DEVICE_FAMILY = "1,2,7";
				XROS_DEPLOYMENT_TARGET = 2.5;
			};
			name = Release;
		};
/* End XCBuildConfiguration section */

/* Begin XCConfigurationList section */
		0490DD252F56521400529C2B /* Build configuration list for PBXProject "SwiftUI-Navigation-Coordinator" */ = {
			isa = XCConfigurationList;
			buildConfigurations = (
				0490DD342F56521600529C2B /* Debug */,
				0490DD352F56521600529C2B /* Release */,
			);
			defaultConfigurationIsVisible = 0;
			defaultConfigurationName = Release;
		};
		0490DD362F56521600529C2B /* Build configuration list for PBXNativeTarget "SwiftUI-Navigation-Coordinator" */ = {
			isa = XCConfigurationList;
			buildConfigurations = (
				0490DD372F56521600529C2B /* Debug */,
				0490DD382F56521600529C2B /* Release */,
			);
			defaultConfigurationIsVisible = 0;
			defaultConfigurationName = Release;
		};
/* End XCConfigurationList section */
	};
	rootObject = 0490DD222F56521400529C2B /* Project object */;
}
